
Microsoft Visual Studio Solution File, Format Version 12.00
# Visual Studio Version 17
VisualStudioVersion = 17.4.33213.308
MinimumVisualStudioVersion = 10.0.40219.1
Project("{2150E333-8FDC-42A3-9474-1A3956D46DE8}") = "src", "src", "{27CFABD5-68DE-4D74-A342-F4EDF8368DA6}"
EndProject
Project("{2150E333-8FDC-42A3-9474-1A3956D46DE8}") = "Tests", "Tests", "{67710B36-4A68-49CD-94CB-08DC90834CE3}"
EndProject
Project("{9A19103F-16F7-4668-BE54-9A1E7A4F7556}") = "PersonalBlog.Tests.E2E", "PersonalBlog.Tests.E2E\PersonalBlog.Tests.E2E.csproj", "{2811F4AD-6503-46E9-B881-AFF4CF836777}"
EndProject
Project("{2150E333-8FDC-42A3-9474-1A3956D46DE8}") = "UserManagementTests", "UserManagementTests", "{F90D09E8-CDED-419E-8B6D-66C178E770E9}"
EndProject
Project("{9A19103F-16F7-4668-BE54-9A1E7A4F7556}") = "UM.Domain.Tests.Unit", "UM.Domain.Tests.Unit\UM.Domain.Tests.Unit.csproj", "{75961C80-5503-4150-B7B8-C81CE1A0E4C9}"
EndProject
Project("{2150E333-8FDC-42A3-9474-1A3956D46DE8}") = "UserManagement", "UserManagement", "{E99ED5D0-A0AB-4A4D-BCD4-530D4AB7CEC4}"
EndProject
Project("{9A19103F-16F7-4668-BE54-9A1E7A4F7556}") = "UM.Domain", "UM.Domain\UM.Domain.csproj", "{31A2F747-475E-4376-889B-5F0019F95CCB}"
EndProject
Project("{9A19103F-16F7-4668-BE54-9A1E7A4F7556}") = "UM.Application.Tests.Unit", "UM.Application.Tests.Unit\UM.Application.Tests.Unit.csproj", "{A3A49750-390D-447F-BFA6-F7E14BD2FB8B}"
EndProject
Project("{9A19103F-16F7-4668-BE54-9A1E7A4F7556}") = "UM.Application", "UM.Application\UM.Application.csproj", "{042161C6-B9B4-4702-8494-187D2C5B001B}"
EndProject
Project("{9A19103F-16F7-4668-BE54-9A1E7A4F7556}") = "UM.Application.Contract", "UM.Application.Contract\UM.Application.Contract.csproj", "{A322DF47-C7D6-4279-AFC4-FAD7ADBEA7F6}"
EndProject
Project("{9A19103F-16F7-4668-BE54-9A1E7A4F7556}") = "UM.Infrastructure.EFCore", "UM.Infrastructure.EFCore\UM.Infrastructure.EFCore.csproj", "{62504341-09C1-4F07-806C-2FBD5149D21B}"
EndProject
Project("{9A19103F-16F7-4668-BE54-9A1E7A4F7556}") = "01_Framework", "01_Freamework\01_Framework.csproj", "{D7D2A71E-1458-4B9E-9C0D-339244B53744}"
EndProject
Project("{FAE04EC0-301F-11D3-BF4B-00C04F79EFBC}") = "UM.Infrastructure.Tests.Integration", "UM.Infrastructure.Tests.Integration\UM.Infrastructure.Tests.Integration.csproj", "{472D152D-C0D2-408E-B27C-27D51FB5CC3B}"
EndProject
Project("{FAE04EC0-301F-11D3-BF4B-00C04F79EFBC}") = "UM.Infrastructure.Configuration", "UM.Infrastructure.Configuration\UM.Infrastructure.Configuration.csproj", "{8853F5F1-9B4A-491E-914D-282B901D07BE}"
EndProject
Project("{FAE04EC0-301F-11D3-BF4B-00C04F79EFBC}") = "ServiceHost.MVC", "ServiceHost.MVC\ServiceHost.MVC.csproj", "{CA9B2193-3E6E-4EC5-9E19-2FD068BFF0FE}"
EndProject
Global
	GlobalSection(SolutionConfigurationPlatforms) = preSolution
		Debug|Any CPU = Debug|Any CPU
		Release|Any CPU = Release|Any CPU
	EndGlobalSection
	GlobalSection(ProjectConfigurationPlatforms) = postSolution
		{2811F4AD-6503-46E9-B881-AFF4CF836777}.Debug|Any CPU.ActiveCfg = Debug|Any CPU
		{2811F4AD-6503-46E9-B881-AFF4CF836777}.Debug|Any CPU.Build.0 = Debug|Any CPU
		{2811F4AD-6503-46E9-B881-AFF4CF836777}.Release|Any CPU.ActiveCfg = Release|Any CPU
		{2811F4AD-6503-46E9-B881-AFF4CF836777}.Release|Any CPU.Build.0 = Release|Any CPU
		{75961C80-5503-4150-B7B8-C81CE1A0E4C9}.Debug|Any CPU.ActiveCfg = Debug|Any CPU
		{75961C80-5503-4150-B7B8-C81CE1A0E4C9}.Debug|Any CPU.Build.0 = Debug|Any CPU
		{75961C80-5503-4150-B7B8-C81CE1A0E4C9}.Release|Any CPU.ActiveCfg = Release|Any CPU
		{75961C80-5503-4150-B7B8-C81CE1A0E4C9}.Release|Any CPU.Build.0 = Release|Any CPU
		{31A2F747-475E-4376-889B-5F0019F95CCB}.Debug|Any CPU.ActiveCfg = Debug|Any CPU
		{31A2F747-475E-4376-889B-5F0019F95CCB}.Debug|Any CPU.Build.0 = Debug|Any CPU
		{31A2F747-475E-4376-889B-5F0019F95CCB}.Release|Any CPU.ActiveCfg = Release|Any CPU
		{31A2F747-475E-4376-889B-5F0019F95CCB}.Release|Any CPU.Build.0 = Release|Any CPU
		{A3A49750-390D-447F-BFA6-F7E14BD2FB8B}.Debug|Any CPU.ActiveCfg = Debug|Any CPU
		{A3A49750-390D-447F-BFA6-F7E14BD2FB8B}.Debug|Any CPU.Build.0 = Debug|Any CPU
		{A3A49750-390D-447F-BFA6-F7E14BD2FB8B}.Release|Any CPU.ActiveCfg = Release|Any CPU
		{A3A49750-390D-447F-BFA6-F7E14BD2FB8B}.Release|Any CPU.Build.0 = Release|Any CPU
		{042161C6-B9B4-4702-8494-187D2C5B001B}.Debug|Any CPU.ActiveCfg = Debug|Any CPU
		{042161C6-B9B4-4702-8494-187D2C5B001B}.Debug|Any CPU.Build.0 = Debug|Any CPU
		{042161C6-B9B4-4702-8494-187D2C5B001B}.Release|Any CPU.ActiveCfg = Release|Any CPU
		{042161C6-B9B4-4702-8494-187D2C5B001B}.Release|Any CPU.Build.0 = Release|Any CPU
		{A322DF47-C7D6-4279-AFC4-FAD7ADBEA7F6}.Debug|Any CPU.ActiveCfg = Debug|Any CPU
		{A322DF47-C7D6-4279-AFC4-FAD7ADBEA7F6}.Debug|Any CPU.Build.0 = Debug|Any CPU
		{A322DF47-C7D6-4279-AFC4-FAD7ADBEA7F6}.Release|Any CPU.ActiveCfg = Release|Any CPU
		{A322DF47-C7D6-4279-AFC4-FAD7ADBEA7F6}.Release|Any CPU.Build.0 = Release|Any CPU
		{62504341-09C1-4F07-806C-2FBD5149D21B}.Debug|Any CPU.ActiveCfg = Debug|Any CPU
		{62504341-09C1-4F07-806C-2FBD5149D21B}.Debug|Any CPU.Build.0 = Debug|Any CPU
		{62504341-09C1-4F07-806C-2FBD5149D21B}.Release|Any CPU.ActiveCfg = Release|Any CPU
		{62504341-09C1-4F07-806C-2FBD5149D21B}.Release|Any CPU.Build.0 = Release|Any CPU
		{D7D2A71E-1458-4B9E-9C0D-339244B53744}.Debug|Any CPU.ActiveCfg = Debug|Any CPU
		{D7D2A71E-1458-4B9E-9C0D-339244B53744}.Debug|Any CPU.Build.0 = Debug|Any CPU
		{D7D2A71E-1458-4B9E-9C0D-339244B53744}.Release|Any CPU.ActiveCfg = Release|Any CPU
		{D7D2A71E-1458-4B9E-9C0D-339244B53744}.Release|Any CPU.Build.0 = Release|Any CPU
		{472D152D-C0D2-408E-B27C-27D51FB5CC3B}.Debug|Any CPU.ActiveCfg = Debug|Any CPU
		{472D152D-C0D2-408E-B27C-27D51FB5CC3B}.Debug|Any CPU.Build.0 = Debug|Any CPU
		{472D152D-C0D2-408E-B27C-27D51FB5CC3B}.Release|Any CPU.ActiveCfg = Release|Any CPU
		{472D152D-C0D2-408E-B27C-27D51FB5CC3B}.Release|Any CPU.Build.0 = Release|Any CPU
		{8853F5F1-9B4A-491E-914D-282B901D07BE}.Debug|Any CPU.ActiveCfg = Debug|Any CPU
		{8853F5F1-9B4A-491E-914D-282B901D07BE}.Debug|Any CPU.Build.0 = Debug|Any CPU
		{8853F5F1-9B4A-491E-914D-282B901D07BE}.Release|Any CPU.ActiveCfg = Release|Any CPU
		{8853F5F1-9B4A-491E-914D-282B901D07BE}.Release|Any CPU.Build.0 = Release|Any CPU
		{CA9B2193-3E6E-4EC5-9E19-2FD068BFF0FE}.Debug|Any CPU.ActiveCfg = Debug|Any CPU
		{CA9B2193-3E6E-4EC5-9E19-2FD068BFF0FE}.Debug|Any CPU.Build.0 = Debug|Any CPU
		{CA9B2193-3E6E-4EC5-9E19-2FD068BFF0FE}.Release|Any CPU.ActiveCfg = Release|Any CPU
		{CA9B2193-3E6E-4EC5-9E19-2FD068BFF0FE}.Release|Any CPU.Build.0 = Release|Any CPU
	EndGlobalSection
	GlobalSection(SolutionProperties) = preSolution
		HideSolutionNode = FALSE
	EndGlobalSection
	GlobalSection(NestedProjects) = preSolution
		{2811F4AD-6503-46E9-B881-AFF4CF836777} = {67710B36-4A68-49CD-94CB-08DC90834CE3}
		{F90D09E8-CDED-419E-8B6D-66C178E770E9} = {67710B36-4A68-49CD-94CB-08DC90834CE3}
		{75961C80-5503-4150-B7B8-C81CE1A0E4C9} = {F90D09E8-CDED-419E-8B6D-66C178E770E9}
		{E99ED5D0-A0AB-4A4D-BCD4-530D4AB7CEC4} = {27CFABD5-68DE-4D74-A342-F4EDF8368DA6}
		{31A2F747-475E-4376-889B-5F0019F95CCB} = {E99ED5D0-A0AB-4A4D-BCD4-530D4AB7CEC4}
		{A3A49750-390D-447F-BFA6-F7E14BD2FB8B} = {F90D09E8-CDED-419E-8B6D-66C178E770E9}
		{042161C6-B9B4-4702-8494-187D2C5B001B} = {E99ED5D0-A0AB-4A4D-BCD4-530D4AB7CEC4}
		{A322DF47-C7D6-4279-AFC4-FAD7ADBEA7F6} = {E99ED5D0-A0AB-4A4D-BCD4-530D4AB7CEC4}
		{62504341-09C1-4F07-806C-2FBD5149D21B} = {E99ED5D0-A0AB-4A4D-BCD4-530D4AB7CEC4}
		{D7D2A71E-1458-4B9E-9C0D-339244B53744} = {27CFABD5-68DE-4D74-A342-F4EDF8368DA6}
		{472D152D-C0D2-408E-B27C-27D51FB5CC3B} = {F90D09E8-CDED-419E-8B6D-66C178E770E9}
		{8853F5F1-9B4A-491E-914D-282B901D07BE} = {E99ED5D0-A0AB-4A4D-BCD4-530D4AB7CEC4}
		{CA9B2193-3E6E-4EC5-9E19-2FD068BFF0FE} = {27CFABD5-68DE-4D74-A342-F4EDF8368DA6}
	EndGlobalSection
	GlobalSection(ExtensibilityGlobals) = postSolution
		SolutionGuid = {65E1BBA0-EEC0-4ECD-B7D1-2FCAF4549866}
	EndGlobalSection
EndGlobal
